// !$*UTF8*$!
{
	archiveVersion = 1;
	classes = {
	};
	objectVersion = 46;
	objects = {

/* Begin PBXBuildFile section */
		EDEA50BD1EE5002C009FFB7B /* AppDelegate.swift in Sources */ = {isa = PBXBuildFile; fileRef = EDEA50BC1EE5002C009FFB7B /* AppDelegate.swift */; };
		EDEA50BF1EE5002C009FFB7B /* ViewController.swift in Sources */ = {isa = PBXBuildFile; fileRef = EDEA50BE1EE5002C009FFB7B /* ViewController.swift */; };
		EDEA50C21EE5002C009FFB7B /* Main.storyboard in Resources */ = {isa = PBXBuildFile; fileRef = EDEA50C01EE5002C009FFB7B /* Main.storyboard */; };
		EDEA50C41EE5002C009FFB7B /* Assets.xcassets in Resources */ = {isa = PBXBuildFile; fileRef = EDEA50C31EE5002C009FFB7B /* Assets.xcassets */; };
		EDEA50C71EE5002C009FFB7B /* LaunchScreen.storyboard in Resources */ = {isa = PBXBuildFile; fileRef = EDEA50C51EE5002C009FFB7B /* LaunchScreen.storyboard */; };
/* End PBXBuildFile section */

/* Begin PBXFileReference section */
		EDEA50B91EE5002C009FFB7B /* Emitter.app */ = {isa = PBXFileReference; explicitFileType = wrapper.application; includeInIndex = 0; path = Emitter.app; sourceTree = BUILT_PRODUCTS_DIR; };
		EDEA50BC1EE5002C009FFB7B /* AppDelegate.swift */ = {isa = PBXFileReference; lastKnownFileType = sourcecode.swift; path = AppDelegate.swift; sourceTree = "<group>"; };
		EDEA50BE1EE5002C009FFB7B /* ViewController.swift */ = {isa = PBXFileReference; lastKnownFileType = sourcecode.swift; path = ViewController.swift; sourceTree = "<group>"; };
		EDEA50C11EE5002C009FFB7B /* Base */ = {isa = PBXFileReference; lastKnownFileType = file.storyboard; name = Base; path = Base.lproj/Main.storyboard; sourceTree = "<group>"; };
		EDEA50C31EE5002C009FFB7B /* Assets.xcassets */ = {isa = PBXFileReference; lastKnownFileType = folder.assetcatalog; path = Assets.xcassets; sourceTree = "<group>"; };
		EDEA50C61EE5002C009FFB7B /* Base */ = {isa = PBXFileReference; lastKnownFileType = file.storyboard; name = Base; path = Base.lproj/LaunchScreen.storyboard; sourceTree = "<group>"; };
		EDEA50C81EE5002C009FFB7B /* Info.plist */ = {isa = PBXFileReference; lastKnownFileType = text.plist.xml; path = Info.plist; sourceTree = "<group>"; };
/* End PBXFileReference section */

/* Begin PBXFrameworksBuildPhase section */
		EDEA50B61EE5002C009FFB7B /* Frameworks */ = {
			isa = PBXFrameworksBuildPhase;
			buildActionMask = 2147483647;
			files = (
			);
			runOnlyForDeploymentPostprocessing = 0;
		};
/* End PBXFrameworksBuildPhase section */

/* Begin PBXGroup section */
		EDEA50B01EE5002C009FFB7B = {
			isa = PBXGroup;
			children = (
				EDEA50BB1EE5002C009FFB7B /* Emitter */,
				EDEA50BA1EE5002C009FFB7B /* Products */,
			);
			sourceTree = "<group>";
		};
		EDEA50BA1EE5002C009FFB7B /* Products */ = {
			isa = PBXGroup;
			children = (
				EDEA50B91EE5002C009FFB7B /* Emitter.app */,
			);
			name = Products;
			sourceTree = "<group>";
		};
		EDEA50BB1EE5002C009FFB7B /* Emitter */ = {
			isa = PBXGroup;
			children = (
				EDEA50BC1EE5002C009FFB7B /* AppDelegate.swift */,
				EDEA50BE1EE5002C009FFB7B /* ViewController.swift */,
				EDEA50C01EE5002C009FFB7B /* Main.storyboard */,
				EDEA50C31EE5002C009FFB7B /* Assets.xcassets */,
				EDEA50C51EE5002C009FFB7B /* LaunchScreen.storyboard */,
				EDEA50C81EE5002C009FFB7B /* Info.plist */,
			);
			path = Emitter;
			sourceTree = "<group>";
		};
/* End PBXGroup section */

/* Begin PBXNativeTarget section */
		EDEA50B81EE5002C009FFB7B /* Emitter */ = {
			isa = PBXNativeTarget;
			buildConfigurationList = EDEA50CB1EE5002C009FFB7B /* Build configuration list for PBXNativeTarget "Emitter" */;
			buildPhases = (
				EDEA50B51EE5002C009FFB7B /* Sources */,
				EDEA50B61EE5002C009FFB7B /* Frameworks */,
				EDEA50B71EE5002C009FFB7B /* Resources */,
			);
			buildRules = (
			);
			dependencies = (
			);
			name = Emitter;
			productName = Emitter;
			productReference = EDEA50B91EE5002C009FFB7B /* Emitter.app */;
			productType = "com.apple.product-type.application";
		};
/* End PBXNativeTarget section */

/* Begin PBXProject section */
		EDEA50B11EE5002C009FFB7B /* Project object */ = {
			isa = PBXProject;
			attributes = {
				LastSwiftUpdateCheck = 0830;
				LastUpgradeCheck = 0830;
				ORGANIZATIONNAME = YehHenChia;
				TargetAttributes = {
					EDEA50B81EE5002C009FFB7B = {
						CreatedOnToolsVersion = 8.3.2;
						ProvisioningStyle = Automatic;
					};
				};
			};
			buildConfigurationList = EDEA50B41EE5002C009FFB7B /* Build configuration list for PBXProject "Emitter" */;
			compatibilityVersion = "Xcode 3.2";
			developmentRegion = English;
			hasScannedForEncodings = 0;
			knownRegions = (
				en,
				Base,
			);
			mainGroup = EDEA50B01EE5002C009FFB7B;
			productRefGroup = EDEA50BA1EE5002C009FFB7B /* Products */;
			projectDirPath = "";
			projectRoot = "";
			targets = (
				EDEA50B81EE5002C009FFB7B /* Emitter */,
			);
		};
/* End PBXProject section */

/* Begin PBXResourcesBuildPhase section */
		EDEA50B71EE5002C009FFB7B /* Resources */ = {
			isa = PBXResourcesBuildPhase;
			buildActionMask = 2147483647;
			files = (
				EDEA50C71EE5002C009FFB7B /* LaunchScreen.storyboard in Resources */,
				EDEA50C41EE5002C009FFB7B /* Assets.xcassets in Resources */,
				EDEA50C21EE5002C009FFB7B /* Main.storyboard in Resources */,
			);
			runOnlyForDeploymentPostprocessing = 0;
		};
/* End PBXResourcesBuildPhase section */

/* Begin PBXSourcesBuildPhase section */
		EDEA50B51EE5002C009FFB7B /* Sources */ = {
			isa = PBXSourcesBuildPhase;
			buildActionMask = 2147483647;
			files = (
				EDEA50BF1EE5002C009FFB7B /* ViewController.swift in Sources */,
				EDEA50BD1EE5002C009FFB7B /* AppDelegate.swift in Sources */,
			);
			runOnlyForDeploymentPostprocessing = 0;
		};
/* End PBXSourcesBuildPhase section */

/* Begin PBXVariantGroup section */
		EDEA50C01EE5002C009FFB7B /* Main.storyboard */ = {
			isa = PBXVariantGroup;
			children = (
				EDEA50C11EE5002C009FFB7B /* Base */,
			);
			name = Main.storyboard;
			sourceTree = "<group>";
		};
		EDEA50C51EE5002C009FFB7B /* LaunchScreen.storyboard */ = {
			isa = PBXVariantGroup;
			children = (
				EDEA50C61EE5002C009FFB7B /* Base */,
			);
			name = LaunchScreen.storyboard;
			sourceTree = "<group>";
		};
/* End PBXVariantGroup section */

/* Begin XCBuildConfiguration section */
		EDEA50C91EE5002C009FFB7B /* Debug */ = {
			isa = XCBuildConfiguration;
			buildSettings = {
				ALWAYS_SEARCH_USER_PATHS = NO;
				CLANG_ANALYZER_NONNULL = YES;
				CLANG_ANALYZER_NUMBER_OBJECT_CONVERSION = YES_AGGRESSIVE;
				CLANG_CXX_LANGUAGE_STANDARD = "gnu++0x";
				CLANG_CXX_LIBRARY = "libc++";
				CLANG_ENABLE_MODULES = YES;
				CLANG_ENABLE_OBJC_ARC = YES;
				CLANG_WARN_BOOL_CONVERSION = YES;
				CLANG_WARN_CONSTANT_CONVERSION = YES;
				CLANG_WARN_DIRECT_OBJC_ISA_USAGE = YES_ERROR;
				CLANG_WARN_DOCUMENTATION_COMMENTS = YES;
				CLANG_WARN_EMPTY_BODY = YES;
				CLANG_WARN_ENUM_CONVERSION = YES;
				CLANG_WARN_INFINITE_RECURSION = YES;
				CLANG_WARN_INT_CONVERSION = YES;
				CLANG_WARN_OBJC_ROOT_CLASS = YES_ERROR;
				CLANG_WARN_SUSPICIOUS_MOVE = YES;
				CLANG_WARN_UNREACHABLE_CODE = YES;
				CLANG_WARN__DUPLICATE_METHOD_MATCH = YES;
				"CODE_SIGN_IDENTITY[sdk=iphoneos*]" = "iPhone Developer";
				COPY_PHASE_STRIP = NO;
				DEBUG_INFORMATION_FORMAT = dwarf;
				ENABLE_STRICT_OBJC_MSGSEND = YES;
				ENABLE_TESTABILITY = YES;
				GCC_C_LANGUAGE_STANDARD = gnu99;
				GCC_DYNAMIC_NO_PIC = NO;
				GCC_NO_COMMON_BLOCKS = YES;
				GCC_OPTIMIZATION_LEVEL = 0;
				GCC_PREPROCESSOR_DEFINITIONS = (
					"DEBUG=1",
					"$(inherited)",
				);
				GCC_WARN_64_TO_32_BIT_CONVERSION = YES;
				GCC_WARN_ABOUT_RETURN_TYPE = YES_ERROR;
				GCC_WARN_UNDECLARED_SELECTOR = YES;
				GCC_WARN_UNINITIALIZED_AUTOS = YES_AGGRESSIVE;
				GCC_WARN_UNUSED_FUNCTION = YES;
				GCC_WARN_UNUSED_VARIABLE = YES;
				IPHONEOS_DEPLOYMENT_TARGET = 10.3;
				MTL_ENABLE_DEBUG_INFO = YES;
				ONLY_ACTIVE_ARCH = YES;
				SDKROOT = iphoneos;
				SWIFT_ACTIVE_COMPILATION_CONDITIONS = DEBUG;
				SWIFT_OPTIMIZATION_LEVEL = "-Onone";
				TARGETED_DEVICE_FAMILY = "1,2";
			};
			name = Debug;
		};
		EDEA50CA1EE5002C009FFB7B /* Release */ = {
			isa = XCBuildConfiguration;
			buildSettings = {
				ALWAYS_SEARCH_USER_PATHS = NO;
				CLANG_ANALYZER_NONNULL = YES;
				CLANG_ANALYZER_NUMBER_OBJECT_CONVERSION = YES_AGGRESSIVE;
				CLANG_CXX_LANGUAGE_STANDARD = "gnu++0x";
				CLANG_CXX_LIBRARY = "libc++";
				CLANG_ENABLE_MODULES = YES;
				CLANG_ENABLE_OBJC_ARC = YES;
				CLANG_WARN_BOOL_CONVERSION = YES;
				CLANG_WARN_CONSTANT_CONVERSION = YES;
				CLANG_WARN_DIRECT_OBJC_ISA_USAGE = YES_ERROR;
				CLANG_WARN_DOCUMENTATION_COMMENTS = YES;
				CLANG_WARN_EMPTY_BODY = YES;
				CLANG_WARN_ENUM_CONVERSION = YES;
				CLANG_WARN_INFINITE_RECURSION = YES;
				CLANG_WARN_INT_CONVERSION = YES;
				CLANG_WARN_OBJC_ROOT_CLASS = YES_ERROR;
				CLANG_WARN_SUSPICIOUS_MOVE = YES;
				CLANG_WARN_UNREACHABLE_CODE = YES;
				CLANG_WARN__DUPLICATE_METHOD_MATCH = YES;
				"CODE_SIGN_IDENTITY[sdk=iphoneos*]" = "iPhone Developer";
				COPY_PHASE_STRIP = NO;
				DEBUG_INFORMATION_FORMAT = "dwarf-with-dsym";
				ENABLE_NS_ASSERTIONS = NO;
				ENABLE_STRICT_OBJC_MSGSEND = YES;
				GCC_C_LANGUAGE_STANDARD = gnu99;
				GCC_NO_COMMON_BLOCKS = YES;
				GCC_WARN_64_TO_32_BIT_CONVERSION = YES;
				GCC_WARN_ABOUT_RETURN_TYPE = YES_ERROR;
				GCC_WARN_UNDECLARED_SELECTOR = YES;
				GCC_WARN_UNINITIALIZED_AUTOS = YES_AGGRESSIVE;
				GCC_WARN_UNUSED_FUNCTION = YES;
				GCC_WARN_UNUSED_VARIABLE = YES;
				IPHONEOS_DEPLOYMENT_TARGET = 10.3;
				MTL_ENABLE_DEBUG_INFO = NO;
				SDKROOT = iphoneos;
				SWIFT_OPTIMIZATION_LEVEL = "-Owholemodule";
				TARGETED_DEVICE_FAMILY = "1,2";
				VALIDATE_PRODUCT = YES;
			};
			name = Release;
		};
		EDEA50CC1EE5002C009FFB7B /* Debug */ = {
			isa = XCBuildConfiguration;
			buildSettings = {
				ASSETCATALOG_COMPILER_APPICON_NAME = AppIcon;
				INFOPLIST_FILE = Emitter/Info.plist;
				LD_RUNPATH_SEARCH_PATHS = "$(inherited) @executable_path/Frameworks";
				PRODUCT_BUNDLE_IDENTIFIER = momo.Emitter;
				PRODUCT_NAME = "$(TARGET_NAME)";
				SWIFT_VERSION = 3.0;
			};
			name = Debug;
		};
		EDEA50CD1EE5002C009FFB7B /* Release */ = {
			isa = XCBuildConfiguration;
			buildSettings = {
				ASSETCATALOG_COMPILER_APPICON_NAME = AppIcon;
				INFOPLIST_FILE = Emitter/Info.plist;
				LD_RUNPATH_SEARCH_PATHS = "$(inherited) @executable_path/Frameworks";
				PRODUCT_BUNDLE_IDENTIFIER = momo.Emitter;
				PRODUCT_NAME = "$(TARGET_NAME)";
				SWIFT_VERSION = 3.0;
			};
			name = Release;
		};
/* End XCBuildConfiguration section */

/* Begin XCConfigurationList section */
		EDEA50B41EE5002C009FFB7B /* Build configuration list for PBXProject "Emitter" */ = {
			isa = XCConfigurationList;
			buildConfigurations = (
				EDEA50C91EE5002C009FFB7B /* Debug */,
				EDEA50CA1EE5002C009FFB7B /* Release */,
			);
			defaultConfigurationIsVisible = 0;
			defaultConfigurationName = Release;
		};
		EDEA50CB1EE5002C009FFB7B /* Build configuration list for PBXNativeTarget "Emitter" */ = {
			isa = XCConfigurationList;
			buildConfigurations = (
				EDEA50CC1EE5002C009FFB7B /* Debug */,
				EDEA50CD1EE5002C009FFB7B /* Release */,
			);
			defaultConfigurationIsVisible = 0;
		};
/* End XCConfigurationList section */
	};
	rootObject = EDEA50B11EE5002C009FFB7B /* Project object */;
}
