// !$*UTF8*$!
{
	archiveVersion = 1;
	classes = {
	};
	objectVersion = 46;
	objects = {

/* Begin PBXBuildFile section */
		EDC3C05F1EE2560000D602D6 /* AppDelegate.swift in Sources */ = {isa = PBXBuildFile; fileRef = EDC3C05E1EE2560000D602D6 /* AppDelegate.swift */; };
		EDC3C0611EE2560000D602D6 /* ViewController.swift in Sources */ = {isa = PBXBuildFile; fileRef = EDC3C0601EE2560000D602D6 /* ViewController.swift */; };
		EDC3C0641EE2560000D602D6 /* Main.storyboard in Resources */ = {isa = PBXBuildFile; fileRef = EDC3C0621EE2560000D602D6 /* Main.storyboard */; };
		EDC3C0661EE2560000D602D6 /* Assets.xcassets in Resources */ = {isa = PBXBuildFile; fileRef = EDC3C0651EE2560000D602D6 /* Assets.xcassets */; };
		EDC3C0691EE2560000D602D6 /* LaunchScreen.storyboard in Resources */ = {isa = PBXBuildFile; fileRef = EDC3C0671EE2560000D602D6 /* LaunchScreen.storyboard */; };
		EDC3C0711EE25E8100D602D6 /* ButtonView.swift in Sources */ = {isa = PBXBuildFile; fileRef = EDC3C0701EE25E8100D602D6 /* ButtonView.swift */; };
		EDC3C0731EE25EBE00D602D6 /* CircleView.swift in Sources */ = {isa = PBXBuildFile; fileRef = EDC3C0721EE25EBE00D602D6 /* CircleView.swift */; };
/* End PBXBuildFile section */

/* Begin PBXFileReference section */
		EDC3C05B1EE2560000D602D6 /* LoginButtonAnimation.app */ = {isa = PBXFileReference; explicitFileType = wrapper.application; includeInIndex = 0; path = LoginButtonAnimation.app; sourceTree = BUILT_PRODUCTS_DIR; };
		EDC3C05E1EE2560000D602D6 /* AppDelegate.swift */ = {isa = PBXFileReference; lastKnownFileType = sourcecode.swift; path = AppDelegate.swift; sourceTree = "<group>"; };
		EDC3C0601EE2560000D602D6 /* ViewController.swift */ = {isa = PBXFileReference; lastKnownFileType = sourcecode.swift; path = ViewController.swift; sourceTree = "<group>"; };
		EDC3C0631EE2560000D602D6 /* Base */ = {isa = PBXFileReference; lastKnownFileType = file.storyboard; name = Base; path = Base.lproj/Main.storyboard; sourceTree = "<group>"; };
		EDC3C0651EE2560000D602D6 /* Assets.xcassets */ = {isa = PBXFileReference; lastKnownFileType = folder.assetcatalog; path = Assets.xcassets; sourceTree = "<group>"; };
		EDC3C0681EE2560000D602D6 /* Base */ = {isa = PBXFileReference; lastKnownFileType = file.storyboard; name = Base; path = Base.lproj/LaunchScreen.storyboard; sourceTree = "<group>"; };
		EDC3C06A1EE2560000D602D6 /* Info.plist */ = {isa = PBXFileReference; lastKnownFileType = text.plist.xml; path = Info.plist; sourceTree = "<group>"; };
		EDC3C0701EE25E8100D602D6 /* ButtonView.swift */ = {isa = PBXFileReference; fileEncoding = 4; lastKnownFileType = sourcecode.swift; path = ButtonView.swift; sourceTree = "<group>"; };
		EDC3C0721EE25EBE00D602D6 /* CircleView.swift */ = {isa = PBXFileReference; fileEncoding = 4; lastKnownFileType = sourcecode.swift; path = CircleView.swift; sourceTree = "<group>"; };
/* End PBXFileReference section */

/* Begin PBXFrameworksBuildPhase section */
		EDC3C0581EE2560000D602D6 /* Frameworks */ = {
			isa = PBXFrameworksBuildPhase;
			buildActionMask = 2147483647;
			files = (
			);
			runOnlyForDeploymentPostprocessing = 0;
		};
/* End PBXFrameworksBuildPhase section */

/* Begin PBXGroup section */
		EDC3C0521EE2560000D602D6 = {
			isa = PBXGroup;
			children = (
				EDC3C05D1EE2560000D602D6 /* LoginButtonAnimation */,
				EDC3C05C1EE2560000D602D6 /* Products */,
			);
			sourceTree = "<group>";
		};
		EDC3C05C1EE2560000D602D6 /* Products */ = {
			isa = PBXGroup;
			children = (
				EDC3C05B1EE2560000D602D6 /* LoginButtonAnimation.app */,
			);
			name = Products;
			sourceTree = "<group>";
		};
		EDC3C05D1EE2560000D602D6 /* LoginButtonAnimation */ = {
			isa = PBXGroup;
			children = (
				EDC3C05E1EE2560000D602D6 /* AppDelegate.swift */,
				EDC3C0601EE2560000D602D6 /* ViewController.swift */,
				EDC3C0701EE25E8100D602D6 /* ButtonView.swift */,
				EDC3C0721EE25EBE00D602D6 /* CircleView.swift */,
				EDC3C0621EE2560000D602D6 /* Main.storyboard */,
				EDC3C0651EE2560000D602D6 /* Assets.xcassets */,
				EDC3C0671EE2560000D602D6 /* LaunchScreen.storyboard */,
				EDC3C06A1EE2560000D602D6 /* Info.plist */,
			);
			path = LoginButtonAnimation;
			sourceTree = "<group>";
		};
/* End PBXGroup section */

/* Begin PBXNativeTarget section */
		EDC3C05A1EE2560000D602D6 /* LoginButtonAnimation */ = {
			isa = PBXNativeTarget;
			buildConfigurationList = EDC3C06D1EE2560000D602D6 /* Build configuration list for PBXNativeTarget "LoginButtonAnimation" */;
			buildPhases = (
				EDC3C0571EE2560000D602D6 /* Sources */,
				EDC3C0581EE2560000D602D6 /* Frameworks */,
				EDC3C0591EE2560000D602D6 /* Resources */,
			);
			buildRules = (
			);
			dependencies = (
			);
			name = LoginButtonAnimation;
			productName = LoginButtonAnimation;
			productReference = EDC3C05B1EE2560000D602D6 /* LoginButtonAnimation.app */;
			productType = "com.apple.product-type.application";
		};
/* End PBXNativeTarget section */

/* Begin PBXProject section */
		EDC3C0531EE2560000D602D6 /* Project object */ = {
			isa = PBXProject;
			attributes = {
				LastSwiftUpdateCheck = 0830;
				LastUpgradeCheck = 0830;
				ORGANIZATIONNAME = YehHenChia;
				TargetAttributes = {
					EDC3C05A1EE2560000D602D6 = {
						CreatedOnToolsVersion = 8.3.2;
						ProvisioningStyle = Automatic;
					};
				};
			};
			buildConfigurationList = EDC3C0561EE2560000D602D6 /* Build configuration list for PBXProject "LoginButtonAnimation" */;
			compatibilityVersion = "Xcode 3.2";
			developmentRegion = English;
			hasScannedForEncodings = 0;
			knownRegions = (
				en,
				Base,
			);
			mainGroup = EDC3C0521EE2560000D602D6;
			productRefGroup = EDC3C05C1EE2560000D602D6 /* Products */;
			projectDirPath = "";
			projectRoot = "";
			targets = (
				EDC3C05A1EE2560000D602D6 /* LoginButtonAnimation */,
			);
		};
/* End PBXProject section */

/* Begin PBXResourcesBuildPhase section */
		EDC3C0591EE2560000D602D6 /* Resources */ = {
			isa = PBXResourcesBuildPhase;
			buildActionMask = 2147483647;
			files = (
				EDC3C0691EE2560000D602D6 /* LaunchScreen.storyboard in Resources */,
				EDC3C0661EE2560000D602D6 /* Assets.xcassets in Resources */,
				EDC3C0641EE2560000D602D6 /* Main.storyboard in Resources */,
			);
			runOnlyForDeploymentPostprocessing = 0;
		};
/* End PBXResourcesBuildPhase section */

/* Begin PBXSourcesBuildPhase section */
		EDC3C0571EE2560000D602D6 /* Sources */ = {
			isa = PBXSourcesBuildPhase;
			buildActionMask = 2147483647;
			files = (
				EDC3C0731EE25EBE00D602D6 /* CircleView.swift in Sources */,
				EDC3C0611EE2560000D602D6 /* ViewController.swift in Sources */,
				EDC3C05F1EE2560000D602D6 /* AppDelegate.swift in Sources */,
				EDC3C0711EE25E8100D602D6 /* ButtonView.swift in Sources */,
			);
			runOnlyForDeploymentPostprocessing = 0;
		};
/* End PBXSourcesBuildPhase section */

/* Begin PBXVariantGroup section */
		EDC3C0621EE2560000D602D6 /* Main.storyboard */ = {
			isa = PBXVariantGroup;
			children = (
				EDC3C0631EE2560000D602D6 /* Base */,
			);
			name = Main.storyboard;
			sourceTree = "<group>";
		};
		EDC3C0671EE2560000D602D6 /* LaunchScreen.storyboard */ = {
			isa = PBXVariantGroup;
			children = (
				EDC3C0681EE2560000D602D6 /* Base */,
			);
			name = LaunchScreen.storyboard;
			sourceTree = "<group>";
		};
/* End PBXVariantGroup section */

/* Begin XCBuildConfiguration section */
		EDC3C06B1EE2560000D602D6 /* Debug */ = {
			isa = XCBuildConfiguration;
			buildSettings = {
				ALWAYS_SEARCH_USER_PATHS = NO;
				CLANG_ANALYZER_NONNULL = YES;
				CLANG_ANALYZER_NUMBER_OBJECT_CONVERSION = YES_AGGRESSIVE;
				CLANG_CXX_LANGUAGE_STANDARD = "gnu++0x";
				CLANG_CXX_LIBRARY = "libc++";
				CLANG_ENABLE_MODULES = YES;
				CLANG_ENABLE_OBJC_ARC = YES;
				CLANG_WARN_BOOL_CONVERSION = YES;
				CLANG_WARN_CONSTANT_CONVERSION = YES;
				CLANG_WARN_DIRECT_OBJC_ISA_USAGE = YES_ERROR;
				CLANG_WARN_DOCUMENTATION_COMMENTS = YES;
				CLANG_WARN_EMPTY_BODY = YES;
				CLANG_WARN_ENUM_CONVERSION = YES;
				CLANG_WARN_INFINITE_RECURSION = YES;
				CLANG_WARN_INT_CONVERSION = YES;
				CLANG_WARN_OBJC_ROOT_CLASS = YES_ERROR;
				CLANG_WARN_SUSPICIOUS_MOVE = YES;
				CLANG_WARN_UNREACHABLE_CODE = YES;
				CLANG_WARN__DUPLICATE_METHOD_MATCH = YES;
				"CODE_SIGN_IDENTITY[sdk=iphoneos*]" = "iPhone Developer";
				COPY_PHASE_STRIP = NO;
				DEBUG_INFORMATION_FORMAT = dwarf;
				ENABLE_STRICT_OBJC_MSGSEND = YES;
				ENABLE_TESTABILITY = YES;
				GCC_C_LANGUAGE_STANDARD = gnu99;
				GCC_DYNAMIC_NO_PIC = NO;
				GCC_NO_COMMON_BLOCKS = YES;
				GCC_OPTIMIZATION_LEVEL = 0;
				GCC_PREPROCESSOR_DEFINITIONS = (
					"DEBUG=1",
					"$(inherited)",
				);
				GCC_WARN_64_TO_32_BIT_CONVERSION = YES;
				GCC_WARN_ABOUT_RETURN_TYPE = YES_ERROR;
				GCC_WARN_UNDECLARED_SELECTOR = YES;
				GCC_WARN_UNINITIALIZED_AUTOS = YES_AGGRESSIVE;
				GCC_WARN_UNUSED_FUNCTION = YES;
				GCC_WARN_UNUSED_VARIABLE = YES;
				IPHONEOS_DEPLOYMENT_TARGET = 10.3;
				MTL_ENABLE_DEBUG_INFO = YES;
				ONLY_ACTIVE_ARCH = YES;
				SDKROOT = iphoneos;
				SWIFT_ACTIVE_COMPILATION_CONDITIONS = DEBUG;
				SWIFT_OPTIMIZATION_LEVEL = "-Onone";
				TARGETED_DEVICE_FAMILY = "1,2";
			};
			name = Debug;
		};
		EDC3C06C1EE2560000D602D6 /* Release */ = {
			isa = XCBuildConfiguration;
			buildSettings = {
				ALWAYS_SEARCH_USER_PATHS = NO;
				CLANG_ANALYZER_NONNULL = YES;
				CLANG_ANALYZER_NUMBER_OBJECT_CONVERSION = YES_AGGRESSIVE;
				CLANG_CXX_LANGUAGE_STANDARD = "gnu++0x";
				CLANG_CXX_LIBRARY = "libc++";
				CLANG_ENABLE_MODULES = YES;
				CLANG_ENABLE_OBJC_ARC = YES;
				CLANG_WARN_BOOL_CONVERSION = YES;
				CLANG_WARN_CONSTANT_CONVERSION = YES;
				CLANG_WARN_DIRECT_OBJC_ISA_USAGE = YES_ERROR;
				CLANG_WARN_DOCUMENTATION_COMMENTS = YES;
				CLANG_WARN_EMPTY_BODY = YES;
				CLANG_WARN_ENUM_CONVERSION = YES;
				CLANG_WARN_INFINITE_RECURSION = YES;
				CLANG_WARN_INT_CONVERSION = YES;
				CLANG_WARN_OBJC_ROOT_CLASS = YES_ERROR;
				CLANG_WARN_SUSPICIOUS_MOVE = YES;
				CLANG_WARN_UNREACHABLE_CODE = YES;
				CLANG_WARN__DUPLICATE_METHOD_MATCH = YES;
				"CODE_SIGN_IDENTITY[sdk=iphoneos*]" = "iPhone Developer";
				COPY_PHASE_STRIP = NO;
				DEBUG_INFORMATION_FORMAT = "dwarf-with-dsym";
				ENABLE_NS_ASSERTIONS = NO;
				ENABLE_STRICT_OBJC_MSGSEND = YES;
				GCC_C_LANGUAGE_STANDARD = gnu99;
				GCC_NO_COMMON_BLOCKS = YES;
				GCC_WARN_64_TO_32_BIT_CONVERSION = YES;
				GCC_WARN_ABOUT_RETURN_TYPE = YES_ERROR;
				GCC_WARN_UNDECLARED_SELECTOR = YES;
				GCC_WARN_UNINITIALIZED_AUTOS = YES_AGGRESSIVE;
				GCC_WARN_UNUSED_FUNCTION = YES;
				GCC_WARN_UNUSED_VARIABLE = YES;
				IPHONEOS_DEPLOYMENT_TARGET = 10.3;
				MTL_ENABLE_DEBUG_INFO = NO;
				SDKROOT = iphoneos;
				SWIFT_OPTIMIZATION_LEVEL = "-Owholemodule";
				TARGETED_DEVICE_FAMILY = "1,2";
				VALIDATE_PRODUCT = YES;
			};
			name = Release;
		};
		EDC3C06E1EE2560000D602D6 /* Debug */ = {
			isa = XCBuildConfiguration;
			buildSettings = {
				ASSETCATALOG_COMPILER_APPICON_NAME = AppIcon;
				INFOPLIST_FILE = LoginButtonAnimation/Info.plist;
				LD_RUNPATH_SEARCH_PATHS = "$(inherited) @executable_path/Frameworks";
				PRODUCT_BUNDLE_IDENTIFIER = momo.LoginButtonAnimation;
				PRODUCT_NAME = "$(TARGET_NAME)";
				SWIFT_VERSION = 3.0;
			};
			name = Debug;
		};
		EDC3C06F1EE2560000D602D6 /* Release */ = {
			isa = XCBuildConfiguration;
			buildSettings = {
				ASSETCATALOG_COMPILER_APPICON_NAME = AppIcon;
				INFOPLIST_FILE = LoginButtonAnimation/Info.plist;
				LD_RUNPATH_SEARCH_PATHS = "$(inherited) @executable_path/Frameworks";
				PRODUCT_BUNDLE_IDENTIFIER = momo.LoginButtonAnimation;
				PRODUCT_NAME = "$(TARGET_NAME)";
				SWIFT_VERSION = 3.0;
			};
			name = Release;
		};
/* End XCBuildConfiguration section */

/* Begin XCConfigurationList section */
		EDC3C0561EE2560000D602D6 /* Build configuration list for PBXProject "LoginButtonAnimation" */ = {
			isa = XCConfigurationList;
			buildConfigurations = (
				EDC3C06B1EE2560000D602D6 /* Debug */,
				EDC3C06C1EE2560000D602D6 /* Release */,
			);
			defaultConfigurationIsVisible = 0;
			defaultConfigurationName = Release;
		};
		EDC3C06D1EE2560000D602D6 /* Build configuration list for PBXNativeTarget "LoginButtonAnimation" */ = {
			isa = XCConfigurationList;
			buildConfigurations = (
				EDC3C06E1EE2560000D602D6 /* Debug */,
				EDC3C06F1EE2560000D602D6 /* Release */,
			);
			defaultConfigurationIsVisible = 0;
		};
/* End XCConfigurationList section */
	};
	rootObject = EDC3C0531EE2560000D602D6 /* Project object */;
}
