// !$*UTF8*$!
{
	archiveVersion = 1;
	classes = {
	};
	objectVersion = 46;
	objects = {

/* Begin PBXBuildFile section */
		EDE5B5D01EC93E3100DBB0E3 /* AppDelegate.swift in Sources */ = {isa = PBXBuildFile; fileRef = EDE5B5CF1EC93E3100DBB0E3 /* AppDelegate.swift */; };
		EDE5B5D51EC93E3100DBB0E3 /* Main.storyboard in Resources */ = {isa = PBXBuildFile; fileRef = EDE5B5D31EC93E3100DBB0E3 /* Main.storyboard */; };
		EDE5B5D71EC93E3100DBB0E3 /* Assets.xcassets in Resources */ = {isa = PBXBuildFile; fileRef = EDE5B5D61EC93E3100DBB0E3 /* Assets.xcassets */; };
		EDE5B5DA1EC93E3100DBB0E3 /* LaunchScreen.storyboard in Resources */ = {isa = PBXBuildFile; fileRef = EDE5B5D81EC93E3100DBB0E3 /* LaunchScreen.storyboard */; };
		EDE5B5E21EC93E7000DBB0E3 /* ListTableViewController.swift in Sources */ = {isa = PBXBuildFile; fileRef = EDE5B5E11EC93E7000DBB0E3 /* ListTableViewController.swift */; };
		EDE5B5E41EC9401100DBB0E3 /* GifAnalysisVC.swift in Sources */ = {isa = PBXBuildFile; fileRef = EDE5B5E31EC9401100DBB0E3 /* GifAnalysisVC.swift */; };
		EDE5B5E61EC9401F00DBB0E3 /* GifSynthesisVC.swift in Sources */ = {isa = PBXBuildFile; fileRef = EDE5B5E51EC9401F00DBB0E3 /* GifSynthesisVC.swift */; };
		EDE5B5E81EC9402C00DBB0E3 /* GifPlayVC.swift in Sources */ = {isa = PBXBuildFile; fileRef = EDE5B5E71EC9402C00DBB0E3 /* GifPlayVC.swift */; };
		EDE5B5EA1EC9404900DBB0E3 /* dog.gif in Resources */ = {isa = PBXBuildFile; fileRef = EDE5B5E91EC9404900DBB0E3 /* dog.gif */; };
		EDE5B5ED1EC946E300DBB0E3 /* ImageIO.framework in Frameworks */ = {isa = PBXBuildFile; fileRef = EDE5B5EC1EC946E300DBB0E3 /* ImageIO.framework */; };
		EDE5B5EF1EC957C100DBB0E3 /* MobileCoreServices.framework in Frameworks */ = {isa = PBXBuildFile; fileRef = EDE5B5EE1EC957C100DBB0E3 /* MobileCoreServices.framework */; };
/* End PBXBuildFile section */

/* Begin PBXFileReference section */
		EDE5B5CC1EC93E3100DBB0E3 /* GifParser.app */ = {isa = PBXFileReference; explicitFileType = wrapper.application; includeInIndex = 0; path = GifParser.app; sourceTree = BUILT_PRODUCTS_DIR; };
		EDE5B5CF1EC93E3100DBB0E3 /* AppDelegate.swift */ = {isa = PBXFileReference; lastKnownFileType = sourcecode.swift; path = AppDelegate.swift; sourceTree = "<group>"; };
		EDE5B5D41EC93E3100DBB0E3 /* Base */ = {isa = PBXFileReference; lastKnownFileType = file.storyboard; name = Base; path = Base.lproj/Main.storyboard; sourceTree = "<group>"; };
		EDE5B5D61EC93E3100DBB0E3 /* Assets.xcassets */ = {isa = PBXFileReference; lastKnownFileType = folder.assetcatalog; path = Assets.xcassets; sourceTree = "<group>"; };
		EDE5B5D91EC93E3100DBB0E3 /* Base */ = {isa = PBXFileReference; lastKnownFileType = file.storyboard; name = Base; path = Base.lproj/LaunchScreen.storyboard; sourceTree = "<group>"; };
		EDE5B5DB1EC93E3100DBB0E3 /* Info.plist */ = {isa = PBXFileReference; lastKnownFileType = text.plist.xml; path = Info.plist; sourceTree = "<group>"; };
		EDE5B5E11EC93E7000DBB0E3 /* ListTableViewController.swift */ = {isa = PBXFileReference; fileEncoding = 4; lastKnownFileType = sourcecode.swift; path = ListTableViewController.swift; sourceTree = "<group>"; };
		EDE5B5E31EC9401100DBB0E3 /* GifAnalysisVC.swift */ = {isa = PBXFileReference; fileEncoding = 4; lastKnownFileType = sourcecode.swift; path = GifAnalysisVC.swift; sourceTree = "<group>"; };
		EDE5B5E51EC9401F00DBB0E3 /* GifSynthesisVC.swift */ = {isa = PBXFileReference; fileEncoding = 4; lastKnownFileType = sourcecode.swift; path = GifSynthesisVC.swift; sourceTree = "<group>"; };
		EDE5B5E71EC9402C00DBB0E3 /* GifPlayVC.swift */ = {isa = PBXFileReference; fileEncoding = 4; lastKnownFileType = sourcecode.swift; path = GifPlayVC.swift; sourceTree = "<group>"; };
		EDE5B5E91EC9404900DBB0E3 /* dog.gif */ = {isa = PBXFileReference; lastKnownFileType = image.gif; path = dog.gif; sourceTree = "<group>"; };
		EDE5B5EC1EC946E300DBB0E3 /* ImageIO.framework */ = {isa = PBXFileReference; lastKnownFileType = wrapper.framework; name = ImageIO.framework; path = System/Library/Frameworks/ImageIO.framework; sourceTree = SDKROOT; };
		EDE5B5EE1EC957C100DBB0E3 /* MobileCoreServices.framework */ = {isa = PBXFileReference; lastKnownFileType = wrapper.framework; name = MobileCoreServices.framework; path = System/Library/Frameworks/MobileCoreServices.framework; sourceTree = SDKROOT; };
/* End PBXFileReference section */

/* Begin PBXFrameworksBuildPhase section */
		EDE5B5C91EC93E3100DBB0E3 /* Frameworks */ = {
			isa = PBXFrameworksBuildPhase;
			buildActionMask = 2147483647;
			files = (
				EDE5B5EF1EC957C100DBB0E3 /* MobileCoreServices.framework in Frameworks */,
				EDE5B5ED1EC946E300DBB0E3 /* ImageIO.framework in Frameworks */,
			);
			runOnlyForDeploymentPostprocessing = 0;
		};
/* End PBXFrameworksBuildPhase section */

/* Begin PBXGroup section */
		EDE5B5C31EC93E3100DBB0E3 = {
			isa = PBXGroup;
			children = (
				EDE5B5CE1EC93E3100DBB0E3 /* GifParser */,
				EDE5B5CD1EC93E3100DBB0E3 /* Products */,
				EDE5B5EB1EC946E300DBB0E3 /* Frameworks */,
			);
			sourceTree = "<group>";
		};
		EDE5B5CD1EC93E3100DBB0E3 /* Products */ = {
			isa = PBXGroup;
			children = (
				EDE5B5CC1EC93E3100DBB0E3 /* GifParser.app */,
			);
			name = Products;
			sourceTree = "<group>";
		};
		EDE5B5CE1EC93E3100DBB0E3 /* GifParser */ = {
			isa = PBXGroup;
			children = (
				EDE5B5E91EC9404900DBB0E3 /* dog.gif */,
				EDE5B5CF1EC93E3100DBB0E3 /* AppDelegate.swift */,
				EDE5B5E11EC93E7000DBB0E3 /* ListTableViewController.swift */,
				EDE5B5E31EC9401100DBB0E3 /* GifAnalysisVC.swift */,
				EDE5B5E51EC9401F00DBB0E3 /* GifSynthesisVC.swift */,
				EDE5B5E71EC9402C00DBB0E3 /* GifPlayVC.swift */,
				EDE5B5D31EC93E3100DBB0E3 /* Main.storyboard */,
				EDE5B5D61EC93E3100DBB0E3 /* Assets.xcassets */,
				EDE5B5D81EC93E3100DBB0E3 /* LaunchScreen.storyboard */,
				EDE5B5DB1EC93E3100DBB0E3 /* Info.plist */,
			);
			path = GifParser;
			sourceTree = "<group>";
		};
		EDE5B5EB1EC946E300DBB0E3 /* Frameworks */ = {
			isa = PBXGroup;
			children = (
				EDE5B5EE1EC957C100DBB0E3 /* MobileCoreServices.framework */,
				EDE5B5EC1EC946E300DBB0E3 /* ImageIO.framework */,
			);
			name = Frameworks;
			sourceTree = "<group>";
		};
/* End PBXGroup section */

/* Begin PBXNativeTarget section */
		EDE5B5CB1EC93E3100DBB0E3 /* GifParser */ = {
			isa = PBXNativeTarget;
			buildConfigurationList = EDE5B5DE1EC93E3100DBB0E3 /* Build configuration list for PBXNativeTarget "GifParser" */;
			buildPhases = (
				EDE5B5C81EC93E3100DBB0E3 /* Sources */,
				EDE5B5C91EC93E3100DBB0E3 /* Frameworks */,
				EDE5B5CA1EC93E3100DBB0E3 /* Resources */,
			);
			buildRules = (
			);
			dependencies = (
			);
			name = GifParser;
			productName = GifParser;
			productReference = EDE5B5CC1EC93E3100DBB0E3 /* GifParser.app */;
			productType = "com.apple.product-type.application";
		};
/* End PBXNativeTarget section */

/* Begin PBXProject section */
		EDE5B5C41EC93E3100DBB0E3 /* Project object */ = {
			isa = PBXProject;
			attributes = {
				LastSwiftUpdateCheck = 0830;
				LastUpgradeCheck = 0830;
				ORGANIZATIONNAME = YehHenChia;
				TargetAttributes = {
					EDE5B5CB1EC93E3100DBB0E3 = {
						CreatedOnToolsVersion = 8.3.2;
						ProvisioningStyle = Automatic;
					};
				};
			};
			buildConfigurationList = EDE5B5C71EC93E3100DBB0E3 /* Build configuration list for PBXProject "GifParser" */;
			compatibilityVersion = "Xcode 3.2";
			developmentRegion = English;
			hasScannedForEncodings = 0;
			knownRegions = (
				en,
				Base,
			);
			mainGroup = EDE5B5C31EC93E3100DBB0E3;
			productRefGroup = EDE5B5CD1EC93E3100DBB0E3 /* Products */;
			projectDirPath = "";
			projectRoot = "";
			targets = (
				EDE5B5CB1EC93E3100DBB0E3 /* GifParser */,
			);
		};
/* End PBXProject section */

/* Begin PBXResourcesBuildPhase section */
		EDE5B5CA1EC93E3100DBB0E3 /* Resources */ = {
			isa = PBXResourcesBuildPhase;
			buildActionMask = 2147483647;
			files = (
				EDE5B5DA1EC93E3100DBB0E3 /* LaunchScreen.storyboard in Resources */,
				EDE5B5EA1EC9404900DBB0E3 /* dog.gif in Resources */,
				EDE5B5D71EC93E3100DBB0E3 /* Assets.xcassets in Resources */,
				EDE5B5D51EC93E3100DBB0E3 /* Main.storyboard in Resources */,
			);
			runOnlyForDeploymentPostprocessing = 0;
		};
/* End PBXResourcesBuildPhase section */

/* Begin PBXSourcesBuildPhase section */
		EDE5B5C81EC93E3100DBB0E3 /* Sources */ = {
			isa = PBXSourcesBuildPhase;
			buildActionMask = 2147483647;
			files = (
				EDE5B5E61EC9401F00DBB0E3 /* GifSynthesisVC.swift in Sources */,
				EDE5B5D01EC93E3100DBB0E3 /* AppDelegate.swift in Sources */,
				EDE5B5E41EC9401100DBB0E3 /* GifAnalysisVC.swift in Sources */,
				EDE5B5E81EC9402C00DBB0E3 /* GifPlayVC.swift in Sources */,
				EDE5B5E21EC93E7000DBB0E3 /* ListTableViewController.swift in Sources */,
			);
			runOnlyForDeploymentPostprocessing = 0;
		};
/* End PBXSourcesBuildPhase section */

/* Begin PBXVariantGroup section */
		EDE5B5D31EC93E3100DBB0E3 /* Main.storyboard */ = {
			isa = PBXVariantGroup;
			children = (
				EDE5B5D41EC93E3100DBB0E3 /* Base */,
			);
			name = Main.storyboard;
			sourceTree = "<group>";
		};
		EDE5B5D81EC93E3100DBB0E3 /* LaunchScreen.storyboard */ = {
			isa = PBXVariantGroup;
			children = (
				EDE5B5D91EC93E3100DBB0E3 /* Base */,
			);
			name = LaunchScreen.storyboard;
			sourceTree = "<group>";
		};
/* End PBXVariantGroup section */

/* Begin XCBuildConfiguration section */
		EDE5B5DC1EC93E3100DBB0E3 /* Debug */ = {
			isa = XCBuildConfiguration;
			buildSettings = {
				ALWAYS_SEARCH_USER_PATHS = NO;
				CLANG_ANALYZER_NONNULL = YES;
				CLANG_ANALYZER_NUMBER_OBJECT_CONVERSION = YES_AGGRESSIVE;
				CLANG_CXX_LANGUAGE_STANDARD = "gnu++0x";
				CLANG_CXX_LIBRARY = "libc++";
				CLANG_ENABLE_MODULES = YES;
				CLANG_ENABLE_OBJC_ARC = YES;
				CLANG_WARN_BOOL_CONVERSION = YES;
				CLANG_WARN_CONSTANT_CONVERSION = YES;
				CLANG_WARN_DIRECT_OBJC_ISA_USAGE = YES_ERROR;
				CLANG_WARN_DOCUMENTATION_COMMENTS = YES;
				CLANG_WARN_EMPTY_BODY = YES;
				CLANG_WARN_ENUM_CONVERSION = YES;
				CLANG_WARN_INFINITE_RECURSION = YES;
				CLANG_WARN_INT_CONVERSION = YES;
				CLANG_WARN_OBJC_ROOT_CLASS = YES_ERROR;
				CLANG_WARN_SUSPICIOUS_MOVE = YES;
				CLANG_WARN_UNREACHABLE_CODE = YES;
				CLANG_WARN__DUPLICATE_METHOD_MATCH = YES;
				"CODE_SIGN_IDENTITY[sdk=iphoneos*]" = "iPhone Developer";
				COPY_PHASE_STRIP = NO;
				DEBUG_INFORMATION_FORMAT = dwarf;
				ENABLE_STRICT_OBJC_MSGSEND = YES;
				ENABLE_TESTABILITY = YES;
				GCC_C_LANGUAGE_STANDARD = gnu99;
				GCC_DYNAMIC_NO_PIC = NO;
				GCC_NO_COMMON_BLOCKS = YES;
				GCC_OPTIMIZATION_LEVEL = 0;
				GCC_PREPROCESSOR_DEFINITIONS = (
					"DEBUG=1",
					"$(inherited)",
				);
				GCC_WARN_64_TO_32_BIT_CONVERSION = YES;
				GCC_WARN_ABOUT_RETURN_TYPE = YES_ERROR;
				GCC_WARN_UNDECLARED_SELECTOR = YES;
				GCC_WARN_UNINITIALIZED_AUTOS = YES_AGGRESSIVE;
				GCC_WARN_UNUSED_FUNCTION = YES;
				GCC_WARN_UNUSED_VARIABLE = YES;
				IPHONEOS_DEPLOYMENT_TARGET = 10.3;
				MTL_ENABLE_DEBUG_INFO = YES;
				ONLY_ACTIVE_ARCH = YES;
				SDKROOT = iphoneos;
				SWIFT_ACTIVE_COMPILATION_CONDITIONS = DEBUG;
				SWIFT_OPTIMIZATION_LEVEL = "-Onone";
				TARGETED_DEVICE_FAMILY = "1,2";
			};
			name = Debug;
		};
		EDE5B5DD1EC93E3100DBB0E3 /* Release */ = {
			isa = XCBuildConfiguration;
			buildSettings = {
				ALWAYS_SEARCH_USER_PATHS = NO;
				CLANG_ANALYZER_NONNULL = YES;
				CLANG_ANALYZER_NUMBER_OBJECT_CONVERSION = YES_AGGRESSIVE;
				CLANG_CXX_LANGUAGE_STANDARD = "gnu++0x";
				CLANG_CXX_LIBRARY = "libc++";
				CLANG_ENABLE_MODULES = YES;
				CLANG_ENABLE_OBJC_ARC = YES;
				CLANG_WARN_BOOL_CONVERSION = YES;
				CLANG_WARN_CONSTANT_CONVERSION = YES;
				CLANG_WARN_DIRECT_OBJC_ISA_USAGE = YES_ERROR;
				CLANG_WARN_DOCUMENTATION_COMMENTS = YES;
				CLANG_WARN_EMPTY_BODY = YES;
				CLANG_WARN_ENUM_CONVERSION = YES;
				CLANG_WARN_INFINITE_RECURSION = YES;
				CLANG_WARN_INT_CONVERSION = YES;
				CLANG_WARN_OBJC_ROOT_CLASS = YES_ERROR;
				CLANG_WARN_SUSPICIOUS_MOVE = YES;
				CLANG_WARN_UNREACHABLE_CODE = YES;
				CLANG_WARN__DUPLICATE_METHOD_MATCH = YES;
				"CODE_SIGN_IDENTITY[sdk=iphoneos*]" = "iPhone Developer";
				COPY_PHASE_STRIP = NO;
				DEBUG_INFORMATION_FORMAT = "dwarf-with-dsym";
				ENABLE_NS_ASSERTIONS = NO;
				ENABLE_STRICT_OBJC_MSGSEND = YES;
				GCC_C_LANGUAGE_STANDARD = gnu99;
				GCC_NO_COMMON_BLOCKS = YES;
				GCC_WARN_64_TO_32_BIT_CONVERSION = YES;
				GCC_WARN_ABOUT_RETURN_TYPE = YES_ERROR;
				GCC_WARN_UNDECLARED_SELECTOR = YES;
				GCC_WARN_UNINITIALIZED_AUTOS = YES_AGGRESSIVE;
				GCC_WARN_UNUSED_FUNCTION = YES;
				GCC_WARN_UNUSED_VARIABLE = YES;
				IPHONEOS_DEPLOYMENT_TARGET = 10.3;
				MTL_ENABLE_DEBUG_INFO = NO;
				SDKROOT = iphoneos;
				SWIFT_OPTIMIZATION_LEVEL = "-Owholemodule";
				TARGETED_DEVICE_FAMILY = "1,2";
				VALIDATE_PRODUCT = YES;
			};
			name = Release;
		};
		EDE5B5DF1EC93E3100DBB0E3 /* Debug */ = {
			isa = XCBuildConfiguration;
			buildSettings = {
				ASSETCATALOG_COMPILER_APPICON_NAME = AppIcon;
				INFOPLIST_FILE = GifParser/Info.plist;
				LD_RUNPATH_SEARCH_PATHS = "$(inherited) @executable_path/Frameworks";
				PRODUCT_BUNDLE_IDENTIFIER = momo.GifParser;
				PRODUCT_NAME = "$(TARGET_NAME)";
				SWIFT_VERSION = 3.0;
			};
			name = Debug;
		};
		EDE5B5E01EC93E3100DBB0E3 /* Release */ = {
			isa = XCBuildConfiguration;
			buildSettings = {
				ASSETCATALOG_COMPILER_APPICON_NAME = AppIcon;
				INFOPLIST_FILE = GifParser/Info.plist;
				LD_RUNPATH_SEARCH_PATHS = "$(inherited) @executable_path/Frameworks";
				PRODUCT_BUNDLE_IDENTIFIER = momo.GifParser;
				PRODUCT_NAME = "$(TARGET_NAME)";
				SWIFT_VERSION = 3.0;
			};
			name = Release;
		};
/* End XCBuildConfiguration section */

/* Begin XCConfigurationList section */
		EDE5B5C71EC93E3100DBB0E3 /* Build configuration list for PBXProject "GifParser" */ = {
			isa = XCConfigurationList;
			buildConfigurations = (
				EDE5B5DC1EC93E3100DBB0E3 /* Debug */,
				EDE5B5DD1EC93E3100DBB0E3 /* Release */,
			);
			defaultConfigurationIsVisible = 0;
			defaultConfigurationName = Release;
		};
		EDE5B5DE1EC93E3100DBB0E3 /* Build configuration list for PBXNativeTarget "GifParser" */ = {
			isa = XCConfigurationList;
			buildConfigurations = (
				EDE5B5DF1EC93E3100DBB0E3 /* Debug */,
				EDE5B5E01EC93E3100DBB0E3 /* Release */,
			);
			defaultConfigurationIsVisible = 0;
		};
/* End XCConfigurationList section */
	};
	rootObject = EDE5B5C41EC93E3100DBB0E3 /* Project object */;
}
